
Microsoft Visual Studio Solution File, Format Version 12.00
# Visual Studio Version 17
VisualStudioVersion = 17.14.36414.22 d17.14
MinimumVisualStudioVersion = 10.0.40219.1
Project("{FAE04EC0-301F-11D3-BF4B-00C04F79EFBC}") = "SelfCheckoutOS", "SelfCheckoutOS\SelfCheckoutOS.csproj", "{EBE90856-1EBA-4F26-B1AF-528FE5436957}"
EndProject
Global
	GlobalSection(SolutionConfigurationPlatforms) = preSolution
		Debug|Any CPU = Debug|Any CPU
		Release|Any CPU = Release|Any CPU
	EndGlobalSection
	GlobalSection(ProjectConfigurationPlatforms) = postSolution
		{EBE90856-1EBA-4F26-B1AF-528FE5436957}.Debug|Any CPU.ActiveCfg = Debug|Any CPU
		{EBE90856-1EBA-4F26-B1AF-528FE5436957}.Debug|Any CPU.Build.0 = Debug|Any CPU
		{EBE90856-1EBA-4F26-B1AF-528FE5436957}.Release|Any CPU.ActiveCfg = Release|Any CPU
		{EBE90856-1EBA-4F26-B1AF-528FE5436957}.Release|Any CPU.Build.0 = Release|Any CPU
	EndGlobalSection
	GlobalSection(SolutionProperties) = preSolution
		HideSolutionNode = FALSE
	EndGlobalSection
	GlobalSection(ExtensibilityGlobals) = postSolution
		SolutionGuid = {DA5B0171-0446-4B81-9D2F-A8948C91F334}
	EndGlobalSection
EndGlobal
